Microsoft Visual Studio Solution File, Format Version 12.00
# Visual Studio 2012
Project("{FAE04EC0-301F-11D3-BF4B-00C04F79EFBC}") = "BubblePop", "BubblePop.csproj", "{2C7D7A79-4E0A-461D-AE7F-A97BAB1765ED}"
EndProject
Global
	GlobalSection(SolutionConfigurationPlatforms) = preSolution
	Debug|Any CPU = Debug|Any CPU
	ExportDebug|Any CPU = ExportDebug|Any CPU
	ExportRelease|Any CPU = ExportRelease|Any CPU
	EndGlobalSection
	GlobalSection(ProjectConfigurationPlatforms) = postSolution
		{2C7D7A79-4E0A-461D-AE7F-A97BAB1765ED}.Debug|Any CPU.ActiveCfg = Debug|Any CPU
		{2C7D7A79-4E0A-461D-AE7F-A97BAB1765ED}.Debug|Any CPU.Build.0 = Debug|Any CPU
		{2C7D7A79-4E0A-461D-AE7F-A97BAB1765ED}.ExportDebug|Any CPU.ActiveCfg = ExportDebug|Any CPU
		{2C7D7A79-4E0A-461D-AE7F-A97BAB1765ED}.ExportDebug|Any CPU.Build.0 = ExportDebug|Any CPU
		{2C7D7A79-4E0A-461D-AE7F-A97BAB1765ED}.ExportRelease|Any CPU.ActiveCfg = ExportRelease|Any CPU
		{2C7D7A79-4E0A-461D-AE7F-A97BAB1765ED}.ExportRelease|Any CPU.Build.0 = ExportRelease|Any CPU
	EndGlobalSection
EndGlobal
